<?xml version="1.0" encoding="utf-8"?>
<Project ToolsVersion="4.0" xmlns="http://schemas.microsoft.com/developer/msbuild/2003">
  <ItemGroup>
    <Filter Include="소스 파일">
      <UniqueIdentifier>{4FC737F1-C7A5-4376-A066-2A32D752A2FF}</UniqueIdentifier>
      <Extensions>cpp;c;cc;cxx;def;odl;idl;hpj;bat;asm;asmx</Extensions>
    </Filter>
    <Filter Include="헤더 파일">
      <UniqueIdentifier>{93995380-89BD-4b04-88EB-625FBE52EBFB}</UniqueIdentifier>
      <Extensions>h;hh;hpp;hxx;hm;inl;inc;ipp;xsd</Extensions>
    </Filter>
    <Filter Include="리소스 파일">
      <UniqueIdentifier>{67DA6AB6-F800-4c08-8B7A-83BB121AAD01}</UniqueIdentifier>
      <Extensions>rc;ico;cur;bmp;dlg;rc2;rct;bin;rgs;gif;jpg;jpeg;jpe;resx;tiff;tif;png;wav;mfcribbon-ms</Extensions>
    </Filter>
    <Filter Include="Viewer">
      <UniqueIdentifier>{7c42ef50-a7b2-4a64-baee-df6136fa1435}</UniqueIdentifier>
    </Filter>
    <Filter Include="Viewer\shader">
      <UniqueIdentifier>{d1725230-dc21-473f-9c67-edce91d268a6}</UniqueIdentifier>
    </Filter>
  </ItemGroup>
  <ItemGroup>
    <ClCompile Include="windows_main.cpp">
      <Filter>소스 파일</Filter>
    </ClCompile>
    <ClCompile Include="..\..\..\..\GL_Tutorial\Viewer\Viewer.cpp">
      <Filter>Viewer</Filter>
    </ClCompile>
  </ItemGroup>
  <ItemGroup>
    <ClInclude Include="..\..\..\..\GL_Tutorial\Viewer\Viewer.h">
      <Filter>Viewer</Filter>
    </ClInclude>
    <ClInclude Include="..\..\..\..\GL_Tutorial\Viewer\shader\Shader.h">
      <Filter>Viewer\shader</Filter>
    </ClInclude>
  </ItemGroup>
  <ItemGroup>
    <Text Include="..\..\..\..\GL_Tutorial\Viewer\shader\trianglevshader.txt">
      <Filter>Viewer\shader</Filter>
    </Text>
    <Text Include="..\..\..\..\GL_Tutorial\Viewer\shader\trianglefshader.txt">
      <Filter>Viewer\shader</Filter>
    </Text>
  </ItemGroup>
</Project>